Microsoft Visual Studio Solution File, Format Version 12.00
# Visual Studio 2012
Project("{FAE04EC0-301F-11D3-BF4B-00C04F79EFBC}") = "A_NEAT_arena", "A_NEAT_arena.csproj", "{AA3694A2-0B6C-491C-B240-02476CD304B8}"
EndProject
Global
	GlobalSection(SolutionConfigurationPlatforms) = preSolution
	Debug|Any CPU = Debug|Any CPU
	ExportDebug|Any CPU = ExportDebug|Any CPU
	ExportRelease|Any CPU = ExportRelease|Any CPU
	EndGlobalSection
	GlobalSection(ProjectConfigurationPlatforms) = postSolution
		{AA3694A2-0B6C-491C-B240-02476CD304B8}.Debug|Any CPU.ActiveCfg = Debug|Any CPU
		{AA3694A2-0B6C-491C-B240-02476CD304B8}.Debug|Any CPU.Build.0 = Debug|Any CPU
		{AA3694A2-0B6C-491C-B240-02476CD304B8}.ExportDebug|Any CPU.ActiveCfg = ExportDebug|Any CPU
		{AA3694A2-0B6C-491C-B240-02476CD304B8}.ExportDebug|Any CPU.Build.0 = ExportDebug|Any CPU
		{AA3694A2-0B6C-491C-B240-02476CD304B8}.ExportRelease|Any CPU.ActiveCfg = ExportRelease|Any CPU
		{AA3694A2-0B6C-491C-B240-02476CD304B8}.ExportRelease|Any CPU.Build.0 = ExportRelease|Any CPU
	EndGlobalSection
EndGlobal
